
Microsoft Visual Studio Solution File, Format Version 11.00
# Visual Studio 2010
Project("{FAE04EC0-301F-11D3-BF4B-00C04F79EFBC}") = "ArtemisMissionEditor", "ArtemisMissionEditor\ArtemisMissionEditor.csproj", "{B1C9D1F2-8487-4E8B-BA69-518C040593BF}"
EndProject
Project("{2150E333-8FDC-42A3-9474-1A3956D46DE8}") = "Solution Items", "Solution Items", "{727A95B9-D672-4ECE-8C48-F713F71714D9}"
EndProject
Project("{FAE04EC0-301F-11D3-BF4B-00C04F79EFBC}") = "ArtemisEngineeringPresetManager", "EngineeringTemplateMaster\ArtemisEngineeringPresetManager.csproj", "{A7CFF1A2-FB2D-4668-89F6-7B94AB1F30A2}"
EndProject
Global
	GlobalSection(SolutionConfigurationPlatforms) = preSolution
		Debug|x86 = Debug|x86
		Release|x86 = Release|x86
	EndGlobalSection
	GlobalSection(ProjectConfigurationPlatforms) = postSolution
		{B1C9D1F2-8487-4E8B-BA69-518C040593BF}.Debug|x86.ActiveCfg = Debug|x86
		{B1C9D1F2-8487-4E8B-BA69-518C040593BF}.Debug|x86.Build.0 = Debug|x86
		{B1C9D1F2-8487-4E8B-BA69-518C040593BF}.Release|x86.ActiveCfg = Release|x86
		{B1C9D1F2-8487-4E8B-BA69-518C040593BF}.Release|x86.Build.0 = Release|x86
		{A7CFF1A2-FB2D-4668-89F6-7B94AB1F30A2}.Debug|x86.ActiveCfg = Debug|x86
		{A7CFF1A2-FB2D-4668-89F6-7B94AB1F30A2}.Debug|x86.Build.0 = Debug|x86
		{A7CFF1A2-FB2D-4668-89F6-7B94AB1F30A2}.Release|x86.ActiveCfg = Release|x86
		{A7CFF1A2-FB2D-4668-89F6-7B94AB1F30A2}.Release|x86.Build.0 = Release|x86
	EndGlobalSection
	GlobalSection(SolutionProperties) = preSolution
		HideSolutionNode = FALSE
	EndGlobalSection
EndGlobal
